
Microsoft Visual Studio Solution File, Format Version 12.00
# Visual Studio Version 16
VisualStudioVersion = 16.0.29613.14
MinimumVisualStudioVersion = 10.0.40219.1
Project("{2150E333-8FDC-42A3-9474-1A3956D46DE8}") = "Solution Items", "Solution Items", "{0800ADCC-7DDB-427C-9939-67A705DB5A8E}"
EndProject
Project("{8BC9CEB8-8B4A-11D0-8D11-00A0C91BC942}") = "MeasurementsDemo.Linux", "MeasurementsDemo.Linux\MeasurementsDemo.Linux.vcxproj", "{E0AA68E3-FF1D-4DBF-8FEF-8DCA09094984}"
EndProject
Global
	GlobalSection(SolutionConfigurationPlatforms) = preSolution
		Debug|ARM = Debug|ARM
		Debug|ARM64 = Debug|ARM64
		Debug|Win32 = Debug|Win32
		Debug|x64 = Debug|x64
		Examples-Alma9|ARM = Examples-Alma9|ARM
		Examples-Alma9|ARM64 = Examples-Alma9|ARM64
		Examples-Alma9|Win32 = Examples-Alma9|Win32
		Examples-Alma9|x64 = Examples-Alma9|x64
		Examples-RHEL|ARM = Examples-RHEL|ARM
		Examples-RHEL|ARM64 = Examples-RHEL|ARM64
		Examples-RHEL|Win32 = Examples-RHEL|Win32
		Examples-RHEL|x64 = Examples-RHEL|x64
		Examples-UBUNTU-18|ARM = Examples-UBUNTU-18|ARM
		Examples-UBUNTU-18|ARM64 = Examples-UBUNTU-18|ARM64
		Examples-UBUNTU-18|Win32 = Examples-UBUNTU-18|Win32
		Examples-UBUNTU-18|x64 = Examples-UBUNTU-18|x64
		Examples-UBUNTU-22|ARM = Examples-UBUNTU-22|ARM
		Examples-UBUNTU-22|ARM64 = Examples-UBUNTU-22|ARM64
		Examples-UBUNTU-22|Win32 = Examples-UBUNTU-22|Win32
		Examples-UBUNTU-22|x64 = Examples-UBUNTU-22|x64
		Examples-UBUNTU-24|ARM = Examples-UBUNTU-24|ARM
		Examples-UBUNTU-24|ARM64 = Examples-UBUNTU-24|ARM64
		Examples-UBUNTU-24|Win32 = Examples-UBUNTU-24|Win32
		Examples-UBUNTU-24|x64 = Examples-UBUNTU-24|x64
		Release|ARM = Release|ARM
		Release|ARM64 = Release|ARM64
		Release|Win32 = Release|Win32
		Release|x64 = Release|x64
	EndGlobalSection
	GlobalSection(ProjectConfigurationPlatforms) = postSolution
		{E0AA68E3-FF1D-4DBF-8FEF-8DCA09094984}.Debug|ARM.ActiveCfg = Debug|ARM
		{E0AA68E3-FF1D-4DBF-8FEF-8DCA09094984}.Debug|ARM.Build.0 = Debug|ARM
		{E0AA68E3-FF1D-4DBF-8FEF-8DCA09094984}.Debug|ARM.Deploy.0 = Debug|ARM
		{E0AA68E3-FF1D-4DBF-8FEF-8DCA09094984}.Debug|ARM64.ActiveCfg = Debug|ARM64
		{E0AA68E3-FF1D-4DBF-8FEF-8DCA09094984}.Debug|ARM64.Build.0 = Debug|ARM64
		{E0AA68E3-FF1D-4DBF-8FEF-8DCA09094984}.Debug|ARM64.Deploy.0 = Debug|ARM64
		{E0AA68E3-FF1D-4DBF-8FEF-8DCA09094984}.Debug|Win32.ActiveCfg = Debug|x86
		{E0AA68E3-FF1D-4DBF-8FEF-8DCA09094984}.Debug|Win32.Build.0 = Debug|x86
		{E0AA68E3-FF1D-4DBF-8FEF-8DCA09094984}.Debug|Win32.Deploy.0 = Debug|x86
		{E0AA68E3-FF1D-4DBF-8FEF-8DCA09094984}.Debug|x64.ActiveCfg = Debug|x64
		{E0AA68E3-FF1D-4DBF-8FEF-8DCA09094984}.Debug|x64.Build.0 = Debug|x64
		{E0AA68E3-FF1D-4DBF-8FEF-8DCA09094984}.Debug|x64.Deploy.0 = Debug|x64
		{E0AA68E3-FF1D-4DBF-8FEF-8DCA09094984}.Examples-Alma9|ARM.ActiveCfg = Examples-Alma9|ARM
		{E0AA68E3-FF1D-4DBF-8FEF-8DCA09094984}.Examples-Alma9|ARM.Build.0 = Examples-Alma9|ARM
		{E0AA68E3-FF1D-4DBF-8FEF-8DCA09094984}.Examples-Alma9|ARM.Deploy.0 = Examples-Alma9|ARM
		{E0AA68E3-FF1D-4DBF-8FEF-8DCA09094984}.Examples-Alma9|ARM64.ActiveCfg = Examples-Alma9|ARM64
		{E0AA68E3-FF1D-4DBF-8FEF-8DCA09094984}.Examples-Alma9|ARM64.Build.0 = Examples-Alma9|ARM64
		{E0AA68E3-FF1D-4DBF-8FEF-8DCA09094984}.Examples-Alma9|ARM64.Deploy.0 = Examples-Alma9|ARM64
		{E0AA68E3-FF1D-4DBF-8FEF-8DCA09094984}.Examples-Alma9|Win32.ActiveCfg = Examples-Alma9|x86
		{E0AA68E3-FF1D-4DBF-8FEF-8DCA09094984}.Examples-Alma9|Win32.Build.0 = Examples-Alma9|x86
		{E0AA68E3-FF1D-4DBF-8FEF-8DCA09094984}.Examples-Alma9|Win32.Deploy.0 = Examples-Alma9|x86
		{E0AA68E3-FF1D-4DBF-8FEF-8DCA09094984}.Examples-Alma9|x64.ActiveCfg = Examples-Alma9|x64
		{E0AA68E3-FF1D-4DBF-8FEF-8DCA09094984}.Examples-Alma9|x64.Build.0 = Examples-Alma9|x64
		{E0AA68E3-FF1D-4DBF-8FEF-8DCA09094984}.Examples-Alma9|x64.Deploy.0 = Examples-Alma9|x64
		{E0AA68E3-FF1D-4DBF-8FEF-8DCA09094984}.Examples-RHEL|ARM.ActiveCfg = Examples-RHEL|ARM
		{E0AA68E3-FF1D-4DBF-8FEF-8DCA09094984}.Examples-RHEL|ARM.Build.0 = Examples-RHEL|ARM
		{E0AA68E3-FF1D-4DBF-8FEF-8DCA09094984}.Examples-RHEL|ARM.Deploy.0 = Examples-RHEL|ARM
		{E0AA68E3-FF1D-4DBF-8FEF-8DCA09094984}.Examples-RHEL|ARM64.ActiveCfg = Examples-RHEL|ARM64
		{E0AA68E3-FF1D-4DBF-8FEF-8DCA09094984}.Examples-RHEL|ARM64.Build.0 = Examples-RHEL|ARM64
		{E0AA68E3-FF1D-4DBF-8FEF-8DCA09094984}.Examples-RHEL|ARM64.Deploy.0 = Examples-RHEL|ARM64
		{E0AA68E3-FF1D-4DBF-8FEF-8DCA09094984}.Examples-RHEL|Win32.ActiveCfg = Examples-RHEL|x86
		{E0AA68E3-FF1D-4DBF-8FEF-8DCA09094984}.Examples-RHEL|Win32.Build.0 = Examples-RHEL|x86
		{E0AA68E3-FF1D-4DBF-8FEF-8DCA09094984}.Examples-RHEL|Win32.Deploy.0 = Examples-RHEL|x86
		{E0AA68E3-FF1D-4DBF-8FEF-8DCA09094984}.Examples-RHEL|x64.ActiveCfg = Examples-RHEL|x64
		{E0AA68E3-FF1D-4DBF-8FEF-8DCA09094984}.Examples-RHEL|x64.Build.0 = Examples-RHEL|x64
		{E0AA68E3-FF1D-4DBF-8FEF-8DCA09094984}.Examples-RHEL|x64.Deploy.0 = Examples-RHEL|x64
		{E0AA68E3-FF1D-4DBF-8FEF-8DCA09094984}.Examples-UBUNTU-18|ARM.ActiveCfg = Examples-UBUNTU-18|ARM
		{E0AA68E3-FF1D-4DBF-8FEF-8DCA09094984}.Examples-UBUNTU-18|ARM.Build.0 = Examples-UBUNTU-18|ARM
		{E0AA68E3-FF1D-4DBF-8FEF-8DCA09094984}.Examples-UBUNTU-18|ARM.Deploy.0 = Examples-UBUNTU-18|ARM
		{E0AA68E3-FF1D-4DBF-8FEF-8DCA09094984}.Examples-UBUNTU-18|ARM64.ActiveCfg = Examples-UBUNTU-18|ARM64
		{E0AA68E3-FF1D-4DBF-8FEF-8DCA09094984}.Examples-UBUNTU-18|ARM64.Build.0 = Examples-UBUNTU-18|ARM64
		{E0AA68E3-FF1D-4DBF-8FEF-8DCA09094984}.Examples-UBUNTU-18|ARM64.Deploy.0 = Examples-UBUNTU-18|ARM64
		{E0AA68E3-FF1D-4DBF-8FEF-8DCA09094984}.Examples-UBUNTU-18|Win32.ActiveCfg = Examples-UBUNTU-18|x86
		{E0AA68E3-FF1D-4DBF-8FEF-8DCA09094984}.Examples-UBUNTU-18|Win32.Build.0 = Examples-UBUNTU-18|x86
		{E0AA68E3-FF1D-4DBF-8FEF-8DCA09094984}.Examples-UBUNTU-18|Win32.Deploy.0 = Examples-UBUNTU-18|x86
		{E0AA68E3-FF1D-4DBF-8FEF-8DCA09094984}.Examples-UBUNTU-18|x64.ActiveCfg = Examples-UBUNTU-18|x64
		{E0AA68E3-FF1D-4DBF-8FEF-8DCA09094984}.Examples-UBUNTU-18|x64.Build.0 = Examples-UBUNTU-18|x64
		{E0AA68E3-FF1D-4DBF-8FEF-8DCA09094984}.Examples-UBUNTU-18|x64.Deploy.0 = Examples-UBUNTU-18|x64
		{E0AA68E3-FF1D-4DBF-8FEF-8DCA09094984}.Examples-UBUNTU-22|ARM.ActiveCfg = Examples-UBUNTU-22|ARM
		{E0AA68E3-FF1D-4DBF-8FEF-8DCA09094984}.Examples-UBUNTU-22|ARM.Build.0 = Examples-UBUNTU-22|ARM
		{E0AA68E3-FF1D-4DBF-8FEF-8DCA09094984}.Examples-UBUNTU-22|ARM.Deploy.0 = Examples-UBUNTU-22|ARM
		{E0AA68E3-FF1D-4DBF-8FEF-8DCA09094984}.Examples-UBUNTU-22|ARM64.ActiveCfg = Examples-UBUNTU-22|ARM64
		{E0AA68E3-FF1D-4DBF-8FEF-8DCA09094984}.Examples-UBUNTU-22|ARM64.Build.0 = Examples-UBUNTU-22|ARM64
		{E0AA68E3-FF1D-4DBF-8FEF-8DCA09094984}.Examples-UBUNTU-22|ARM64.Deploy.0 = Examples-UBUNTU-22|ARM64
		{E0AA68E3-FF1D-4DBF-8FEF-8DCA09094984}.Examples-UBUNTU-22|Win32.ActiveCfg = Examples-UBUNTU-22|x86
		{E0AA68E3-FF1D-4DBF-8FEF-8DCA09094984}.Examples-UBUNTU-22|Win32.Build.0 = Examples-UBUNTU-22|x86
		{E0AA68E3-FF1D-4DBF-8FEF-8DCA09094984}.Examples-UBUNTU-22|Win32.Deploy.0 = Examples-UBUNTU-22|x86
		{E0AA68E3-FF1D-4DBF-8FEF-8DCA09094984}.Examples-UBUNTU-22|x64.ActiveCfg = Examples-UBUNTU-22|x64
		{E0AA68E3-FF1D-4DBF-8FEF-8DCA09094984}.Examples-UBUNTU-22|x64.Build.0 = Examples-UBUNTU-22|x64
		{E0AA68E3-FF1D-4DBF-8FEF-8DCA09094984}.Examples-UBUNTU-22|x64.Deploy.0 = Examples-UBUNTU-22|x64
		{E0AA68E3-FF1D-4DBF-8FEF-8DCA09094984}.Examples-UBUNTU-24|ARM.ActiveCfg = Examples-UBUNTU-24|ARM
		{E0AA68E3-FF1D-4DBF-8FEF-8DCA09094984}.Examples-UBUNTU-24|ARM.Build.0 = Examples-UBUNTU-24|ARM
		{E0AA68E3-FF1D-4DBF-8FEF-8DCA09094984}.Examples-UBUNTU-24|ARM.Deploy.0 = Examples-UBUNTU-24|ARM
		{E0AA68E3-FF1D-4DBF-8FEF-8DCA09094984}.Examples-UBUNTU-24|ARM64.ActiveCfg = Examples-UBUNTU-24|ARM64
		{E0AA68E3-FF1D-4DBF-8FEF-8DCA09094984}.Examples-UBUNTU-24|ARM64.Build.0 = Examples-UBUNTU-24|ARM64
		{E0AA68E3-FF1D-4DBF-8FEF-8DCA09094984}.Examples-UBUNTU-24|ARM64.Deploy.0 = Examples-UBUNTU-24|ARM64
		{E0AA68E3-FF1D-4DBF-8FEF-8DCA09094984}.Examples-UBUNTU-24|Win32.ActiveCfg = Examples-UBUNTU-24|x86
		{E0AA68E3-FF1D-4DBF-8FEF-8DCA09094984}.Examples-UBUNTU-24|Win32.Build.0 = Examples-UBUNTU-24|x86
		{E0AA68E3-FF1D-4DBF-8FEF-8DCA09094984}.Examples-UBUNTU-24|Win32.Deploy.0 = Examples-UBUNTU-24|x86
		{E0AA68E3-FF1D-4DBF-8FEF-8DCA09094984}.Examples-UBUNTU-24|x64.ActiveCfg = Examples-UBUNTU-24|x64
		{E0AA68E3-FF1D-4DBF-8FEF-8DCA09094984}.Examples-UBUNTU-24|x64.Build.0 = Examples-UBUNTU-24|x64
		{E0AA68E3-FF1D-4DBF-8FEF-8DCA09094984}.Examples-UBUNTU-24|x64.Deploy.0 = Examples-UBUNTU-24|x64
		{E0AA68E3-FF1D-4DBF-8FEF-8DCA09094984}.Release|ARM.ActiveCfg = Release|ARM
		{E0AA68E3-FF1D-4DBF-8FEF-8DCA09094984}.Release|ARM.Build.0 = Release|ARM
		{E0AA68E3-FF1D-4DBF-8FEF-8DCA09094984}.Release|ARM.Deploy.0 = Release|ARM
		{E0AA68E3-FF1D-4DBF-8FEF-8DCA09094984}.Release|ARM64.ActiveCfg = Release|ARM64
		{E0AA68E3-FF1D-4DBF-8FEF-8DCA09094984}.Release|ARM64.Build.0 = Release|ARM64
		{E0AA68E3-FF1D-4DBF-8FEF-8DCA09094984}.Release|ARM64.Deploy.0 = Release|ARM64
		{E0AA68E3-FF1D-4DBF-8FEF-8DCA09094984}.Release|Win32.ActiveCfg = Release|x86
		{E0AA68E3-FF1D-4DBF-8FEF-8DCA09094984}.Release|Win32.Build.0 = Release|x86
		{E0AA68E3-FF1D-4DBF-8FEF-8DCA09094984}.Release|Win32.Deploy.0 = Release|x86
		{E0AA68E3-FF1D-4DBF-8FEF-8DCA09094984}.Release|x64.ActiveCfg = Release|x64
		{E0AA68E3-FF1D-4DBF-8FEF-8DCA09094984}.Release|x64.Build.0 = Release|x64
		{E0AA68E3-FF1D-4DBF-8FEF-8DCA09094984}.Release|x64.Deploy.0 = Release|x64
	EndGlobalSection
	GlobalSection(SolutionProperties) = preSolution
		HideSolutionNode = FALSE
	EndGlobalSection
	GlobalSection(ExtensibilityGlobals) = postSolution
		SolutionGuid = {E4CF6208-256B-4743-B341-0748E0F4183F}
	EndGlobalSection
	GlobalSection(TeamFoundationVersionControl) = preSolution
		SccNumberOfProjects = 2
		SccEnterpriseProvider = {4CA58AB2-18FA-4F8D-95D4-32DDF27D184C}
		SccTeamFoundationServer = http://tfs:8080/tfs/rnd
		SccLocalPath0 = .
		SccProjectUniqueName1 = MeasurementsDemo.Linux\\MeasurementsDemo.Linux.vcxproj
		SccProjectName1 = MeasurementsDemo.Linux
		SccLocalPath1 = MeasurementsDemo.Linux
	EndGlobalSection
EndGlobal
