
Microsoft Visual Studio Solution File, Format Version 12.00
# Visual Studio 15
VisualStudioVersion = 15.0.27703.2047
MinimumVisualStudioVersion = 10.0.40219.1
Project("{8BC9CEB8-8B4A-11D0-8D11-00A0C91BC942}") = "SPiiPlusCLibraryDemo", "SPiiPlusCLibraryDemo VS.2019.vcxproj", "{44CF5BBB-C267-48DB-B76A-CEFD1EDBAFE4}"
EndProject
Global
	GlobalSection(SolutionConfigurationPlatforms) = preSolution
		Debug|Win32 = Debug|Win32
		Debug|x64 = Debug|x64
		Release|Win32 = Release|Win32
		Release|x64 = Release|x64
	EndGlobalSection
	GlobalSection(ProjectConfigurationPlatforms) = postSolution
		{44CF5BBB-C267-48DB-B76A-CEFD1EDBAFE4}.Debug|Win32.ActiveCfg = Debug|Win32
		{44CF5BBB-C267-48DB-B76A-CEFD1EDBAFE4}.Debug|Win32.Build.0 = Debug|Win32
		{44CF5BBB-C267-48DB-B76A-CEFD1EDBAFE4}.Debug|x64.ActiveCfg = Debug|x64
		{44CF5BBB-C267-48DB-B76A-CEFD1EDBAFE4}.Debug|x64.Build.0 = Debug|x64
		{44CF5BBB-C267-48DB-B76A-CEFD1EDBAFE4}.Release|Win32.ActiveCfg = Release|Win32
		{44CF5BBB-C267-48DB-B76A-CEFD1EDBAFE4}.Release|Win32.Build.0 = Release|Win32
		{44CF5BBB-C267-48DB-B76A-CEFD1EDBAFE4}.Release|x64.ActiveCfg = Release|x64
		{44CF5BBB-C267-48DB-B76A-CEFD1EDBAFE4}.Release|x64.Build.0 = Release|x64
	EndGlobalSection
	GlobalSection(SolutionProperties) = preSolution
		HideSolutionNode = FALSE
	EndGlobalSection
	GlobalSection(ExtensibilityGlobals) = postSolution
		SolutionGuid = {3DC61A58-4B9D-4BF2-9B90-061DD220C201}
	EndGlobalSection
	
EndGlobal
