<?xml version="1.0" encoding="utf-8"?>
<Project ToolsVersion="4.0" xmlns="http://schemas.microsoft.com/developer/msbuild/2003">
  <ItemGroup>
    <Filter Include="Source Files">
      <UniqueIdentifier>{3111f3b7-f89b-4fee-b6d9-9674cebf0489}</UniqueIdentifier>
      <Extensions>cpp;c;cxx;rc;def;r;odl;idl;hpj;bat</Extensions>
    </Filter>
    <Filter Include="Header Files">
      <UniqueIdentifier>{5bee8617-5eb9-47bd-9962-e9fd70f97ec7}</UniqueIdentifier>
      <Extensions>h;hpp;hxx;hm;inl</Extensions>
    </Filter>
    <Filter Include="Resource Files">
      <UniqueIdentifier>{2922b237-60d9-4e0e-b79a-aa75625eac62}</UniqueIdentifier>
      <Extensions>ico;cur;bmp;dlg;rc2;rct;bin;rgs;gif;jpg;jpeg;jpe</Extensions>
    </Filter>
  </ItemGroup>
  <ItemGroup>
    <ClCompile Include="SPiiPlusCLibraryDemo.cpp">
      <Filter>Source Files</Filter>
    </ClCompile>
    <ClCompile Include="SPiiPlusCLibraryDemoDlg.cpp">
      <Filter>Source Files</Filter>
    </ClCompile>
    <ClCompile Include="StdAfx.cpp">
      <Filter>Source Files</Filter>
    </ClCompile>
  </ItemGroup>
  <ItemGroup>
    <ResourceCompile Include="SPiiPlusCLibraryDemo.rc">
      <Filter>Source Files</Filter>
    </ResourceCompile>
  </ItemGroup>
  <ItemGroup>
    <ClInclude Include="Resource.h">
      <Filter>Header Files</Filter>
    </ClInclude>
    <ClInclude Include="SPiiPlusCLibraryDemo.h">
      <Filter>Header Files</Filter>
    </ClInclude>
    <ClInclude Include="SPiiPlusCLibraryDemoDlg.h">
      <Filter>Header Files</Filter>
    </ClInclude>
    <ClInclude Include="StdAfx.h">
      <Filter>Header Files</Filter>
    </ClInclude>
  </ItemGroup>
  <ItemGroup>
    <None Include="Images\Error.bmp">
      <Filter>Resource Files</Filter>
    </None>
    <None Include="Images\Off.bmp">
      <Filter>Resource Files</Filter>
    </None>
    <None Include="Images\On.bmp">
      <Filter>Resource Files</Filter>
    </None>
    <None Include="res\SPiiPlusCLibraryDemo.ico">
      <Filter>Resource Files</Filter>
    </None>
    <None Include="res\SPiiPlusCLibraryDemo.rc2">
      <Filter>Resource Files</Filter>
    </None>
  </ItemGroup>
</Project>